PODS:
  - Masonry (1.1.0)
  - SnapKit (4.0.0)

DEPENDENCIES:
  - Masonry
  - SnapKit

SPEC REPOS:
  https://github.com/cocoapods/specs.git:
    - Masonry
    - SnapKit

SPEC CHECKSUMS:
  Masonry: 678fab65091a9290e40e2832a55e7ab731aad201
  SnapKit: a42d492c16e80209130a3379f73596c3454b7694

PODFILE CHECKSUM: cd70c10594f33f2ad75a37616b1c9650aaf34171

COCOAPODS: 1.5.3
